// !$*UTF8*$!
{
	archiveVersion = 1;
	classes = {
	};
	objectVersion = 50;
	objects = {

/* Begin PBXBuildFile section */
		E8138A5720B22706005F3613 /* ConversionViewController.swift in Sources */ = {isa = PBXBuildFile; fileRef = E8138A5620B22706005F3613 /* ConversionViewController.swift */; };
		E81C4FAF20AE457200C26581 /* AppDelegate.swift in Sources */ = {isa = PBXBuildFile; fileRef = E81C4FAE20AE457200C26581 /* AppDelegate.swift */; };
		E81C4FB420AE457200C26581 /* Main.storyboard in Resources */ = {isa = PBXBuildFile; fileRef = E81C4FB220AE457200C26581 /* Main.storyboard */; };
		E81C4FB620AE457400C26581 /* Assets.xcassets in Resources */ = {isa = PBXBuildFile; fileRef = E81C4FB520AE457400C26581 /* Assets.xcassets */; };
		E81C4FB920AE457400C26581 /* LaunchScreen.storyboard in Resources */ = {isa = PBXBuildFile; fileRef = E81C4FB720AE457400C26581 /* LaunchScreen.storyboard */; };
		E81C4FC420AE457400C26581 /* WorldTrotterTests.swift in Sources */ = {isa = PBXBuildFile; fileRef = E81C4FC320AE457400C26581 /* WorldTrotterTests.swift */; };
		E81C4FCF20AE457400C26581 /* WorldTrotterUITests.swift in Sources */ = {isa = PBXBuildFile; fileRef = E81C4FCE20AE457400C26581 /* WorldTrotterUITests.swift */; };
		E897C2AA20C0DD7700002A9A /* MapKit.framework in Frameworks */ = {isa = PBXBuildFile; fileRef = E897C2A920C0DD7700002A9A /* MapKit.framework */; };
		E897C2AC20C0E28200002A9A /* MapViewController.swift in Sources */ = {isa = PBXBuildFile; fileRef = E897C2AB20C0E28200002A9A /* MapViewController.swift */; };
/* End PBXBuildFile section */

/* Begin PBXContainerItemProxy section */
		E81C4FC020AE457400C26581 /* PBXContainerItemProxy */ = {
			isa = PBXContainerItemProxy;
			containerPortal = E81C4FA320AE457200C26581 /* Project object */;
			proxyType = 1;
			remoteGlobalIDString = E81C4FAA20AE457200C26581;
			remoteInfo = WorldTrotter;
		};
		E81C4FCB20AE457400C26581 /* PBXContainerItemProxy */ = {
			isa = PBXContainerItemProxy;
			containerPortal = E81C4FA320AE457200C26581 /* Project object */;
			proxyType = 1;
			remoteGlobalIDString = E81C4FAA20AE457200C26581;
			remoteInfo = WorldTrotter;
		};
/* End PBXContainerItemProxy section */

/* Begin PBXFileReference section */
		E8138A5620B22706005F3613 /* ConversionViewController.swift */ = {isa = PBXFileReference; lastKnownFileType = sourcecode.swift; path = ConversionViewController.swift; sourceTree = "<group>"; };
		E81C4FAB20AE457200C26581 /* WorldTrotter.app */ = {isa = PBXFileReference; explicitFileType = wrapper.application; includeInIndex = 0; path = WorldTrotter.app; sourceTree = BUILT_PRODUCTS_DIR; };
		E81C4FAE20AE457200C26581 /* AppDelegate.swift */ = {isa = PBXFileReference; lastKnownFileType = sourcecode.swift; path = AppDelegate.swift; sourceTree = "<group>"; };
		E81C4FB320AE457200C26581 /* Base */ = {isa = PBXFileReference; lastKnownFileType = file.storyboard; name = Base; path = Base.lproj/Main.storyboard; sourceTree = "<group>"; };
		E81C4FB520AE457400C26581 /* Assets.xcassets */ = {isa = PBXFileReference; lastKnownFileType = folder.assetcatalog; path = Assets.xcassets; sourceTree = "<group>"; };
		E81C4FB820AE457400C26581 /* Base */ = {isa = PBXFileReference; lastKnownFileType = file.storyboard; name = Base; path = Base.lproj/LaunchScreen.storyboard; sourceTree = "<group>"; };
		E81C4FBA20AE457400C26581 /* Info.plist */ = {isa = PBXFileReference; lastKnownFileType = text.plist.xml; path = Info.plist; sourceTree = "<group>"; };
		E81C4FBF20AE457400C26581 /* WorldTrotterTests.xctest */ = {isa = PBXFileReference; explicitFileType = wrapper.cfbundle; includeInIndex = 0; path = WorldTrotterTests.xctest; sourceTree = BUILT_PRODUCTS_DIR; };
		E81C4FC320AE457400C26581 /* WorldTrotterTests.swift */ = {isa = PBXFileReference; lastKnownFileType = sourcecode.swift; path = WorldTrotterTests.swift; sourceTree = "<group>"; };
		E81C4FC520AE457400C26581 /* Info.plist */ = {isa = PBXFileReference; lastKnownFileType = text.plist.xml; path = Info.plist; sourceTree = "<group>"; };
		E81C4FCA20AE457400C26581 /* WorldTrotterUITests.xctest */ = {isa = PBXFileReference; explicitFileType = wrapper.cfbundle; includeInIndex = 0; path = WorldTrotterUITests.xctest; sourceTree = BUILT_PRODUCTS_DIR; };
		E81C4FCE20AE457400C26581 /* WorldTrotterUITests.swift */ = {isa = PBXFileReference; lastKnownFileType = sourcecode.swift; path = WorldTrotterUITests.swift; sourceTree = "<group>"; };
		E81C4FD020AE457400C26581 /* Info.plist */ = {isa = PBXFileReference; lastKnownFileType = text.plist.xml; path = Info.plist; sourceTree = "<group>"; };
		E897C2A920C0DD7700002A9A /* MapKit.framework */ = {isa = PBXFileReference; lastKnownFileType = wrapper.framework; name = MapKit.framework; path = System/Library/Frameworks/MapKit.framework; sourceTree = SDKROOT; };
		E897C2AB20C0E28200002A9A /* MapViewController.swift */ = {isa = PBXFileReference; lastKnownFileType = sourcecode.swift; path = MapViewController.swift; sourceTree = "<group>"; };
/* End PBXFileReference section */

/* Begin PBXFrameworksBuildPhase section */
		E81C4FA820AE457200C26581 /* Frameworks */ = {
			isa = PBXFrameworksBuildPhase;
			buildActionMask = 2147483647;
			files = (
				E897C2AA20C0DD7700002A9A /* MapKit.framework in Frameworks */,
			);
			runOnlyForDeploymentPostprocessing = 0;
		};
		E81C4FBC20AE457400C26581 /* Frameworks */ = {
			isa = PBXFrameworksBuildPhase;
			buildActionMask = 2147483647;
			files = (
			);
			runOnlyForDeploymentPostprocessing = 0;
		};
		E81C4FC720AE457400C26581 /* Frameworks */ = {
			isa = PBXFrameworksBuildPhase;
			buildActionMask = 2147483647;
			files = (
			);
			runOnlyForDeploymentPostprocessing = 0;
		};
/* End PBXFrameworksBuildPhase section */

/* Begin PBXGroup section */
		E81C4FA220AE457200C26581 = {
			isa = PBXGroup;
			children = (
				E81C4FAD20AE457200C26581 /* WorldTrotter */,
				E81C4FC220AE457400C26581 /* WorldTrotterTests */,
				E81C4FCD20AE457400C26581 /* WorldTrotterUITests */,
				E81C4FAC20AE457200C26581 /* Products */,
				E897C2A820C0DD7700002A9A /* Frameworks */,
			);
			sourceTree = "<group>";
		};
		E81C4FAC20AE457200C26581 /* Products */ = {
			isa = PBXGroup;
			children = (
				E81C4FAB20AE457200C26581 /* WorldTrotter.app */,
				E81C4FBF20AE457400C26581 /* WorldTrotterTests.xctest */,
				E81C4FCA20AE457400C26581 /* WorldTrotterUITests.xctest */,
			);
			name = Products;
			sourceTree = "<group>";
		};
		E81C4FAD20AE457200C26581 /* WorldTrotter */ = {
			isa = PBXGroup;
			children = (
				E81C4FAE20AE457200C26581 /* AppDelegate.swift */,
				E81C4FB220AE457200C26581 /* Main.storyboard */,
				E81C4FB520AE457400C26581 /* Assets.xcassets */,
				E81C4FB720AE457400C26581 /* LaunchScreen.storyboard */,
				E81C4FBA20AE457400C26581 /* Info.plist */,
				E8138A5620B22706005F3613 /* ConversionViewController.swift */,
				E897C2AB20C0E28200002A9A /* MapViewController.swift */,
			);
			path = WorldTrotter;
			sourceTree = "<group>";
		};
		E81C4FC220AE457400C26581 /* WorldTrotterTests */ = {
			isa = PBXGroup;
			children = (
				E81C4FC320AE457400C26581 /* WorldTrotterTests.swift */,
				E81C4FC520AE457400C26581 /* Info.plist */,
			);
			path = WorldTrotterTests;
			sourceTree = "<group>";
		};
		E81C4FCD20AE457400C26581 /* WorldTrotterUITests */ = {
			isa = PBXGroup;
			children = (
				E81C4FCE20AE457400C26581 /* WorldTrotterUITests.swift */,
				E81C4FD020AE457400C26581 /* Info.plist */,
			);
			path = WorldTrotterUITests;
			sourceTree = "<group>";
		};
		E897C2A820C0DD7700002A9A /* Frameworks */ = {
			isa = PBXGroup;
			children = (
				E897C2A920C0DD7700002A9A /* MapKit.framework */,
			);
			name = Frameworks;
			sourceTree = "<group>";
		};
/* End PBXGroup section */

/* Begin PBXNativeTarget section */
		E81C4FAA20AE457200C26581 /* WorldTrotter */ = {
			isa = PBXNativeTarget;
			buildConfigurationList = E81C4FD320AE457400C26581 /* Build configuration list for PBXNativeTarget "WorldTrotter" */;
			buildPhases = (
				E81C4FA720AE457200C26581 /* Sources */,
				E81C4FA820AE457200C26581 /* Frameworks */,
				E81C4FA920AE457200C26581 /* Resources */,
			);
			buildRules = (
			);
			dependencies = (
			);
			name = WorldTrotter;
			productName = WorldTrotter;
			productReference = E81C4FAB20AE457200C26581 /* WorldTrotter.app */;
			productType = "com.apple.product-type.application";
		};
		E81C4FBE20AE457400C26581 /* WorldTrotterTests */ = {
			isa = PBXNativeTarget;
			buildConfigurationList = E81C4FD620AE457400C26581 /* Build configuration list for PBXNativeTarget "WorldTrotterTests" */;
			buildPhases = (
				E81C4FBB20AE457400C26581 /* Sources */,
				E81C4FBC20AE457400C26581 /* Frameworks */,
				E81C4FBD20AE457400C26581 /* Resources */,
			);
			buildRules = (
			);
			dependencies = (
				E81C4FC120AE457400C26581 /* PBXTargetDependency */,
			);
			name = WorldTrotterTests;
			productName = WorldTrotterTests;
			productReference = E81C4FBF20AE457400C26581 /* WorldTrotterTests.xctest */;
			productType = "com.apple.product-type.bundle.unit-test";
		};
		E81C4FC920AE457400C26581 /* WorldTrotterUITests */ = {
			isa = PBXNativeTarget;
			buildConfigurationList = E81C4FD920AE457400C26581 /* Build configuration list for PBXNativeTarget "WorldTrotterUITests" */;
			buildPhases = (
				E81C4FC620AE457400C26581 /* Sources */,
				E81C4FC720AE457400C26581 /* Frameworks */,
				E81C4FC820AE457400C26581 /* Resources */,
			);
			buildRules = (
			);
			dependencies = (
				E81C4FCC20AE457400C26581 /* PBXTargetDependency */,
			);
			name = WorldTrotterUITests;
			productName = WorldTrotterUITests;
			productReference = E81C4FCA20AE457400C26581 /* WorldTrotterUITests.xctest */;
			productType = "com.apple.product-type.bundle.ui-testing";
		};
/* End PBXNativeTarget section */

/* Begin PBXProject section */
		E81C4FA320AE457200C26581 /* Project object */ = {
			isa = PBXProject;
			attributes = {
				LastSwiftUpdateCheck = 0930;
				LastUpgradeCheck = 0930;
				ORGANIZATIONNAME = whereisdarran;
				TargetAttributes = {
					E81C4FAA20AE457200C26581 = {
						CreatedOnToolsVersion = 9.3;
					};
					E81C4FBE20AE457400C26581 = {
						CreatedOnToolsVersion = 9.3;
						TestTargetID = E81C4FAA20AE457200C26581;
					};
					E81C4FC920AE457400C26581 = {
						CreatedOnToolsVersion = 9.3;
						TestTargetID = E81C4FAA20AE457200C26581;
					};
				};
			};
			buildConfigurationList = E81C4FA620AE457200C26581 /* Build configuration list for PBXProject "WorldTrotter" */;
			compatibilityVersion = "Xcode 9.3";
			developmentRegion = en;
			hasScannedForEncodings = 0;
			knownRegions = (
				en,
				Base,
			);
			mainGroup = E81C4FA220AE457200C26581;
			productRefGroup = E81C4FAC20AE457200C26581 /* Products */;
			projectDirPath = "";
			projectRoot = "";
			targets = (
				E81C4FAA20AE457200C26581 /* WorldTrotter */,
				E81C4FBE20AE457400C26581 /* WorldTrotterTests */,
				E81C4FC920AE457400C26581 /* WorldTrotterUITests */,
			);
		};
/* End PBXProject section */

/* Begin PBXResourcesBuildPhase section */
		E81C4FA920AE457200C26581 /* Resources */ = {
			isa = PBXResourcesBuildPhase;
			buildActionMask = 2147483647;
			files = (
				E81C4FB920AE457400C26581 /* LaunchScreen.storyboard in Resources */,
				E81C4FB620AE457400C26581 /* Assets.xcassets in Resources */,
				E81C4FB420AE457200C26581 /* Main.storyboard in Resources */,
			);
			runOnlyForDeploymentPostprocessing = 0;
		};
		E81C4FBD20AE457400C26581 /* Resources */ = {
			isa = PBXResourcesBuildPhase;
			buildActionMask = 2147483647;
			files = (
			);
			runOnlyForDeploymentPostprocessing = 0;
		};
		E81C4FC820AE457400C26581 /* Resources */ = {
			isa = PBXResourcesBuildPhase;
			buildActionMask = 2147483647;
			files = (
			);
			runOnlyForDeploymentPostprocessing = 0;
		};
/* End PBXResourcesBuildPhase section */

/* Begin PBXSourcesBuildPhase section */
		E81C4FA720AE457200C26581 /* Sources */ = {
			isa = PBXSourcesBuildPhase;
			buildActionMask = 2147483647;
			files = (
				E8138A5720B22706005F3613 /* ConversionViewController.swift in Sources */,
				E897C2AC20C0E28200002A9A /* MapViewController.swift in Sources */,
				E81C4FAF20AE457200C26581 /* AppDelegate.swift in Sources */,
			);
			runOnlyForDeploymentPostprocessing = 0;
		};
		E81C4FBB20AE457400C26581 /* Sources */ = {
			isa = PBXSourcesBuildPhase;
			buildActionMask = 2147483647;
			files = (
				E81C4FC420AE457400C26581 /* WorldTrotterTests.swift in Sources */,
			);
			runOnlyForDeploymentPostprocessing = 0;
		};
		E81C4FC620AE457400C26581 /* Sources */ = {
			isa = PBXSourcesBuildPhase;
			buildActionMask = 2147483647;
			files = (
				E81C4FCF20AE457400C26581 /* WorldTrotterUITests.swift in Sources */,
			);
			runOnlyForDeploymentPostprocessing = 0;
		};
/* End PBXSourcesBuildPhase section */

/* Begin PBXTargetDependency section */
		E81C4FC120AE457400C26581 /* PBXTargetDependency */ = {
			isa = PBXTargetDependency;
			target = E81C4FAA20AE457200C26581 /* WorldTrotter */;
			targetProxy = E81C4FC020AE457400C26581 /* PBXContainerItemProxy */;
		};
		E81C4FCC20AE457400C26581 /* PBXTargetDependency */ = {
			isa = PBXTargetDependency;
			target = E81C4FAA20AE457200C26581 /* WorldTrotter */;
			targetProxy = E81C4FCB20AE457400C26581 /* PBXContainerItemProxy */;
		};
/* End PBXTargetDependency section */

/* Begin PBXVariantGroup section */
		E81C4FB220AE457200C26581 /* Main.storyboard */ = {
			isa = PBXVariantGroup;
			children = (
				E81C4FB320AE457200C26581 /* Base */,
			);
			name = Main.storyboard;
			sourceTree = "<group>";
		};
		E81C4FB720AE457400C26581 /* LaunchScreen.storyboard */ = {
			isa = PBXVariantGroup;
			children = (
				E81C4FB820AE457400C26581 /* Base */,
			);
			name = LaunchScreen.storyboard;
			sourceTree = "<group>";
		};
/* End PBXVariantGroup section */

/* Begin XCBuildConfiguration section */
		E81C4FD120AE457400C26581 /* Debug */ = {
			isa = XCBuildConfiguration;
			buildSettings = {
				ALWAYS_SEARCH_USER_PATHS = NO;
				CLANG_ANALYZER_NONNULL = YES;
				CLANG_ANALYZER_NUMBER_OBJECT_CONVERSION = YES_AGGRESSIVE;
				CLANG_CXX_LANGUAGE_STANDARD = "gnu++14";
				CLANG_CXX_LIBRARY = "libc++";
				CLANG_ENABLE_MODULES = YES;
				CLANG_ENABLE_OBJC_ARC = YES;
				CLANG_ENABLE_OBJC_WEAK = YES;
				CLANG_WARN_BLOCK_CAPTURE_AUTORELEASING = YES;
				CLANG_WARN_BOOL_CONVERSION = YES;
				CLANG_WARN_COMMA = YES;
				CLANG_WARN_CONSTANT_CONVERSION = YES;
				CLANG_WARN_DEPRECATED_OBJC_IMPLEMENTATIONS = YES;
				CLANG_WARN_DIRECT_OBJC_ISA_USAGE = YES_ERROR;
				CLANG_WARN_DOCUMENTATION_COMMENTS = YES;
				CLANG_WARN_EMPTY_BODY = YES;
				CLANG_WARN_ENUM_CONVERSION = YES;
				CLANG_WARN_INFINITE_RECURSION = YES;
				CLANG_WARN_INT_CONVERSION = YES;
				CLANG_WARN_NON_LITERAL_NULL_CONVERSION = YES;
				CLANG_WARN_OBJC_IMPLICIT_RETAIN_SELF = YES;
				CLANG_WARN_OBJC_LITERAL_CONVERSION = YES;
				CLANG_WARN_OBJC_ROOT_CLASS = YES_ERROR;
				CLANG_WARN_RANGE_LOOP_ANALYSIS = YES;
				CLANG_WARN_STRICT_PROTOTYPES = YES;
				CLANG_WARN_SUSPICIOUS_MOVE = YES;
				CLANG_WARN_UNGUARDED_AVAILABILITY = YES_AGGRESSIVE;
				CLANG_WARN_UNREACHABLE_CODE = YES;
				CLANG_WARN__DUPLICATE_METHOD_MATCH = YES;
				CODE_SIGN_IDENTITY = "iPhone Developer";
				COPY_PHASE_STRIP = NO;
				DEBUG_INFORMATION_FORMAT = dwarf;
				ENABLE_STRICT_OBJC_MSGSEND = YES;
				ENABLE_TESTABILITY = YES;
				GCC_C_LANGUAGE_STANDARD = gnu11;
				GCC_DYNAMIC_NO_PIC = NO;
				GCC_NO_COMMON_BLOCKS = YES;
				GCC_OPTIMIZATION_LEVEL = 0;
				GCC_PREPROCESSOR_DEFINITIONS = (
					"DEBUG=1",
					"$(inherited)",
				);
				GCC_WARN_64_TO_32_BIT_CONVERSION = YES;
				GCC_WARN_ABOUT_RETURN_TYPE = YES_ERROR;
				GCC_WARN_UNDECLARED_SELECTOR = YES;
				GCC_WARN_UNINITIALIZED_AUTOS = YES_AGGRESSIVE;
				GCC_WARN_UNUSED_FUNCTION = YES;
				GCC_WARN_UNUSED_VARIABLE = YES;
				IPHONEOS_DEPLOYMENT_TARGET = 11.3;
				MTL_ENABLE_DEBUG_INFO = YES;
				ONLY_ACTIVE_ARCH = YES;
				SDKROOT = iphoneos;
				SWIFT_ACTIVE_COMPILATION_CONDITIONS = DEBUG;
				SWIFT_OPTIMIZATION_LEVEL = "-Onone";
			};
			name = Debug;
		};
		E81C4FD220AE457400C26581 /* Release */ = {
			isa = XCBuildConfiguration;
			buildSettings = {
				ALWAYS_SEARCH_USER_PATHS = NO;
				CLANG_ANALYZER_NONNULL = YES;
				CLANG_ANALYZER_NUMBER_OBJECT_CONVERSION = YES_AGGRESSIVE;
				CLANG_CXX_LANGUAGE_STANDARD = "gnu++14";
				CLANG_CXX_LIBRARY = "libc++";
				CLANG_ENABLE_MODULES = YES;
				CLANG_ENABLE_OBJC_ARC = YES;
				CLANG_ENABLE_OBJC_WEAK = YES;
				CLANG_WARN_BLOCK_CAPTURE_AUTORELEASING = YES;
				CLANG_WARN_BOOL_CONVERSION = YES;
				CLANG_WARN_COMMA = YES;
				CLANG_WARN_CONSTANT_CONVERSION = YES;
				CLANG_WARN_DEPRECATED_OBJC_IMPLEMENTATIONS = YES;
				CLANG_WARN_DIRECT_OBJC_ISA_USAGE = YES_ERROR;
				CLANG_WARN_DOCUMENTATION_COMMENTS = YES;
				CLANG_WARN_EMPTY_BODY = YES;
				CLANG_WARN_ENUM_CONVERSION = YES;
				CLANG_WARN_INFINITE_RECURSION = YES;
				CLANG_WARN_INT_CONVERSION = YES;
				CLANG_WARN_NON_LITERAL_NULL_CONVERSION = YES;
				CLANG_WARN_OBJC_IMPLICIT_RETAIN_SELF = YES;
				CLANG_WARN_OBJC_LITERAL_CONVERSION = YES;
				CLANG_WARN_OBJC_ROOT_CLASS = YES_ERROR;
				CLANG_WARN_RANGE_LOOP_ANALYSIS = YES;
				CLANG_WARN_STRICT_PROTOTYPES = YES;
				CLANG_WARN_SUSPICIOUS_MOVE = YES;
				CLANG_WARN_UNGUARDED_AVAILABILITY = YES_AGGRESSIVE;
				CLANG_WARN_UNREACHABLE_CODE = YES;
				CLANG_WARN__DUPLICATE_METHOD_MATCH = YES;
				CODE_SIGN_IDENTITY = "iPhone Developer";
				COPY_PHASE_STRIP = NO;
				DEBUG_INFORMATION_FORMAT = "dwarf-with-dsym";
				ENABLE_NS_ASSERTIONS = NO;
				ENABLE_STRICT_OBJC_MSGSEND = YES;
				GCC_C_LANGUAGE_STANDARD = gnu11;
				GCC_NO_COMMON_BLOCKS = YES;
				GCC_WARN_64_TO_32_BIT_CONVERSION = YES;
				GCC_WARN_ABOUT_RETURN_TYPE = YES_ERROR;
				GCC_WARN_UNDECLARED_SELECTOR = YES;
				GCC_WARN_UNINITIALIZED_AUTOS = YES_AGGRESSIVE;
				GCC_WARN_UNUSED_FUNCTION = YES;
				GCC_WARN_UNUSED_VARIABLE = YES;
				IPHONEOS_DEPLOYMENT_TARGET = 11.3;
				MTL_ENABLE_DEBUG_INFO = NO;
				SDKROOT = iphoneos;
				SWIFT_COMPILATION_MODE = wholemodule;
				SWIFT_OPTIMIZATION_LEVEL = "-O";
				VALIDATE_PRODUCT = YES;
			};
			name = Release;
		};
		E81C4FD420AE457400C26581 /* Debug */ = {
			isa = XCBuildConfiguration;
			buildSettings = {
				ASSETCATALOG_COMPILER_APPICON_NAME = AppIcon;
				CODE_SIGN_STYLE = Automatic;
				INFOPLIST_FILE = WorldTrotter/Info.plist;
				LD_RUNPATH_SEARCH_PATHS = (
					"$(inherited)",
					"@executable_path/Frameworks",
				);
				PRODUCT_BUNDLE_IDENTIFIER = com.whereisdarran.WorldTrotter;
				PRODUCT_NAME = "$(TARGET_NAME)";
				SWIFT_VERSION = 4.0;
				TARGETED_DEVICE_FAMILY = "1,2";
			};
			name = Debug;
		};
		E81C4FD520AE457400C26581 /* Release */ = {
			isa = XCBuildConfiguration;
			buildSettings = {
				ASSETCATALOG_COMPILER_APPICON_NAME = AppIcon;
				CODE_SIGN_STYLE = Automatic;
				INFOPLIST_FILE = WorldTrotter/Info.plist;
				LD_RUNPATH_SEARCH_PATHS = (
					"$(inherited)",
					"@executable_path/Frameworks",
				);
				PRODUCT_BUNDLE_IDENTIFIER = com.whereisdarran.WorldTrotter;
				PRODUCT_NAME = "$(TARGET_NAME)";
				SWIFT_VERSION = 4.0;
				TARGETED_DEVICE_FAMILY = "1,2";
			};
			name = Release;
		};
		E81C4FD720AE457400C26581 /* Debug */ = {
			isa = XCBuildConfiguration;
			buildSettings = {
				ALWAYS_EMBED_SWIFT_STANDARD_LIBRARIES = YES;
				BUNDLE_LOADER = "$(TEST_HOST)";
				CODE_SIGN_STYLE = Automatic;
				INFOPLIST_FILE = WorldTrotterTests/Info.plist;
				LD_RUNPATH_SEARCH_PATHS = (
					"$(inherited)",
					"@executable_path/Frameworks",
					"@loader_path/Frameworks",
				);
				PRODUCT_BUNDLE_IDENTIFIER = com.whereisdarran.WorldTrotterTests;
				PRODUCT_NAME = "$(TARGET_NAME)";
				SWIFT_VERSION = 4.0;
				TARGETED_DEVICE_FAMILY = "1,2";
				TEST_HOST = "$(BUILT_PRODUCTS_DIR)/WorldTrotter.app/WorldTrotter";
			};
			name = Debug;
		};
		E81C4FD820AE457400C26581 /* Release */ = {
			isa = XCBuildConfiguration;
			buildSettings = {
				ALWAYS_EMBED_SWIFT_STANDARD_LIBRARIES = YES;
				BUNDLE_LOADER = "$(TEST_HOST)";
				CODE_SIGN_STYLE = Automatic;
				INFOPLIST_FILE = WorldTrotterTests/Info.plist;
				LD_RUNPATH_SEARCH_PATHS = (
					"$(inherited)",
					"@executable_path/Frameworks",
					"@loader_path/Frameworks",
				);
				PRODUCT_BUNDLE_IDENTIFIER = com.whereisdarran.WorldTrotterTests;
				PRODUCT_NAME = "$(TARGET_NAME)";
				SWIFT_VERSION = 4.0;
				TARGETED_DEVICE_FAMILY = "1,2";
				TEST_HOST = "$(BUILT_PRODUCTS_DIR)/WorldTrotter.app/WorldTrotter";
			};
			name = Release;
		};
		E81C4FDA20AE457400C26581 /* Debug */ = {
			isa = XCBuildConfiguration;
			buildSettings = {
				ALWAYS_EMBED_SWIFT_STANDARD_LIBRARIES = YES;
				CODE_SIGN_STYLE = Automatic;
				INFOPLIST_FILE = WorldTrotterUITests/Info.plist;
				LD_RUNPATH_SEARCH_PATHS = (
					"$(inherited)",
					"@executable_path/Frameworks",
					"@loader_path/Frameworks",
				);
				PRODUCT_BUNDLE_IDENTIFIER = com.whereisdarran.WorldTrotterUITests;
				PRODUCT_NAME = "$(TARGET_NAME)";
				SWIFT_VERSION = 4.0;
				TARGETED_DEVICE_FAMILY = "1,2";
				TEST_TARGET_NAME = WorldTrotter;
			};
			name = Debug;
		};
		E81C4FDB20AE457400C26581 /* Release */ = {
			isa = XCBuildConfiguration;
			buildSettings = {
				ALWAYS_EMBED_SWIFT_STANDARD_LIBRARIES = YES;
				CODE_SIGN_STYLE = Automatic;
				INFOPLIST_FILE = WorldTrotterUITests/Info.plist;
				LD_RUNPATH_SEARCH_PATHS = (
					"$(inherited)",
					"@executable_path/Frameworks",
					"@loader_path/Frameworks",
				);
				PRODUCT_BUNDLE_IDENTIFIER = com.whereisdarran.WorldTrotterUITests;
				PRODUCT_NAME = "$(TARGET_NAME)";
				SWIFT_VERSION = 4.0;
				TARGETED_DEVICE_FAMILY = "1,2";
				TEST_TARGET_NAME = WorldTrotter;
			};
			name = Release;
		};
/* End XCBuildConfiguration section */

/* Begin XCConfigurationList section */
		E81C4FA620AE457200C26581 /* Build configuration list for PBXProject "WorldTrotter" */ = {
			isa = XCConfigurationList;
			buildConfigurations = (
				E81C4FD120AE457400C26581 /* Debug */,
				E81C4FD220AE457400C26581 /* Release */,
			);
			defaultConfigurationIsVisible = 0;
			defaultConfigurationName = Release;
		};
		E81C4FD320AE457400C26581 /* Build configuration list for PBXNativeTarget "WorldTrotter" */ = {
			isa = XCConfigurationList;
			buildConfigurations = (
				E81C4FD420AE457400C26581 /* Debug */,
				E81C4FD520AE457400C26581 /* Release */,
			);
			defaultConfigurationIsVisible = 0;
			defaultConfigurationName = Release;
		};
		E81C4FD620AE457400C26581 /* Build configuration list for PBXNativeTarget "WorldTrotterTests" */ = {
			isa = XCConfigurationList;
			buildConfigurations = (
				E81C4FD720AE457400C26581 /* Debug */,
				E81C4FD820AE457400C26581 /* Release */,
			);
			defaultConfigurationIsVisible = 0;
			defaultConfigurationName = Release;
		};
		E81C4FD920AE457400C26581 /* Build configuration list for PBXNativeTarget "WorldTrotterUITests" */ = {
			isa = XCConfigurationList;
			buildConfigurations = (
				E81C4FDA20AE457400C26581 /* Debug */,
				E81C4FDB20AE457400C26581 /* Release */,
			);
			defaultConfigurationIsVisible = 0;
			defaultConfigurationName = Release;
		};
/* End XCConfigurationList section */
	};
	rootObject = E81C4FA320AE457200C26581 /* Project object */;
}
